
Microsoft Visual Studio Solution File, Format Version 11.00
# Visual Studio 2010
Project("{FAE04EC0-301F-11D3-BF4B-00C04F79EFBC}") = "XliffParser", "XliffParser\XliffParser.csproj", "{6AA230D7-C87D-43D7-B258-C8EE0C3103D4}"
EndProject
Project("{2150E333-8FDC-42A3-9474-1A3956D46DE8}") = "Test", "Test", "{EF358239-BA99-4828-B3AF-1A9BD8C442AF}"
EndProject
Project("{FAE04EC0-301F-11D3-BF4B-00C04F79EFBC}") = "I18N.Test", "I18N.Tests\I18N.Test.csproj", "{D544DA0E-42FC-40C5-BA62-02697FC62C48}"
EndProject
Project("{2150E333-8FDC-42A3-9474-1A3956D46DE8}") = "I18N", "I18N", "{E051C7B6-1CBF-4D46-9A41-6D084A9F7A7D}"
EndProject
Global
	GlobalSection(SolutionConfigurationPlatforms) = preSolution
		Debug|Any CPU = Debug|Any CPU
		Debug|Mixed Platforms = Debug|Mixed Platforms
		Debug|x86 = Debug|x86
		Release|Any CPU = Release|Any CPU
		Release|Mixed Platforms = Release|Mixed Platforms
		Release|x86 = Release|x86
	EndGlobalSection
	GlobalSection(ProjectConfigurationPlatforms) = postSolution
		{6AA230D7-C87D-43D7-B258-C8EE0C3103D4}.Debug|Any CPU.ActiveCfg = Debug|x86
		{6AA230D7-C87D-43D7-B258-C8EE0C3103D4}.Debug|Mixed Platforms.ActiveCfg = Debug|x86
		{6AA230D7-C87D-43D7-B258-C8EE0C3103D4}.Debug|Mixed Platforms.Build.0 = Debug|x86
		{6AA230D7-C87D-43D7-B258-C8EE0C3103D4}.Debug|x86.ActiveCfg = Debug|x86
		{6AA230D7-C87D-43D7-B258-C8EE0C3103D4}.Debug|x86.Build.0 = Debug|x86
		{6AA230D7-C87D-43D7-B258-C8EE0C3103D4}.Release|Any CPU.ActiveCfg = Release|x86
		{6AA230D7-C87D-43D7-B258-C8EE0C3103D4}.Release|Mixed Platforms.ActiveCfg = Release|x86
		{6AA230D7-C87D-43D7-B258-C8EE0C3103D4}.Release|Mixed Platforms.Build.0 = Release|x86
		{6AA230D7-C87D-43D7-B258-C8EE0C3103D4}.Release|x86.ActiveCfg = Release|x86
		{6AA230D7-C87D-43D7-B258-C8EE0C3103D4}.Release|x86.Build.0 = Release|x86
		{D544DA0E-42FC-40C5-BA62-02697FC62C48}.Debug|Any CPU.ActiveCfg = Debug|Any CPU
		{D544DA0E-42FC-40C5-BA62-02697FC62C48}.Debug|Any CPU.Build.0 = Debug|Any CPU
		{D544DA0E-42FC-40C5-BA62-02697FC62C48}.Debug|Mixed Platforms.ActiveCfg = Debug|Any CPU
		{D544DA0E-42FC-40C5-BA62-02697FC62C48}.Debug|Mixed Platforms.Build.0 = Debug|Any CPU
		{D544DA0E-42FC-40C5-BA62-02697FC62C48}.Debug|x86.ActiveCfg = Debug|Any CPU
		{D544DA0E-42FC-40C5-BA62-02697FC62C48}.Release|Any CPU.ActiveCfg = Release|Any CPU
		{D544DA0E-42FC-40C5-BA62-02697FC62C48}.Release|Any CPU.Build.0 = Release|Any CPU
		{D544DA0E-42FC-40C5-BA62-02697FC62C48}.Release|Mixed Platforms.ActiveCfg = Release|Any CPU
		{D544DA0E-42FC-40C5-BA62-02697FC62C48}.Release|Mixed Platforms.Build.0 = Release|Any CPU
		{D544DA0E-42FC-40C5-BA62-02697FC62C48}.Release|x86.ActiveCfg = Release|Any CPU
	EndGlobalSection
	GlobalSection(SolutionProperties) = preSolution
		HideSolutionNode = FALSE
	EndGlobalSection
	GlobalSection(NestedProjects) = preSolution
		{D544DA0E-42FC-40C5-BA62-02697FC62C48} = {EF358239-BA99-4828-B3AF-1A9BD8C442AF}
	EndGlobalSection
EndGlobal
